
Microsoft Visual Studio Solution File, Format Version 12.00
# Visual Studio 15
VisualStudioVersion = 15.0.28307.489
MinimumVisualStudioVersion = 10.0.40219.1
Project("{8BC9CEB8-8B4A-11D0-8D11-00A0C91BC942}") = "table", "table\table.vcxproj", "{EAC5A114-F898-46A7-9597-14EB525005CA}"
EndProject
Global
	GlobalSection(SolutionConfigurationPlatforms) = preSolution
		Debug|x64 = Debug|x64
		Debug|x86 = Debug|x86
		Release|x64 = Release|x64
		Release|x86 = Release|x86
	EndGlobalSection
	GlobalSection(ProjectConfigurationPlatforms) = postSolution
		{EAC5A114-F898-46A7-9597-14EB525005CA}.Debug|x64.ActiveCfg = Debug|x64
		{EAC5A114-F898-46A7-9597-14EB525005CA}.Debug|x64.Build.0 = Debug|x64
		{EAC5A114-F898-46A7-9597-14EB525005CA}.Debug|x86.ActiveCfg = Debug|Win32
		{EAC5A114-F898-46A7-9597-14EB525005CA}.Debug|x86.Build.0 = Debug|Win32
		{EAC5A114-F898-46A7-9597-14EB525005CA}.Release|x64.ActiveCfg = Release|x64
		{EAC5A114-F898-46A7-9597-14EB525005CA}.Release|x64.Build.0 = Release|x64
		{EAC5A114-F898-46A7-9597-14EB525005CA}.Release|x86.ActiveCfg = Release|Win32
		{EAC5A114-F898-46A7-9597-14EB525005CA}.Release|x86.Build.0 = Release|Win32
	EndGlobalSection
	GlobalSection(SolutionProperties) = preSolution
		HideSolutionNode = FALSE
	EndGlobalSection
	GlobalSection(ExtensibilityGlobals) = postSolution
		SolutionGuid = {28465238-42FB-467E-BB53-0D1780AEB0D8}
	EndGlobalSection
EndGlobal
